
Microsoft Visual Studio Solution File, Format Version 12.00
# Visual Studio Version 17
VisualStudioVersion = 17.5.002.0
MinimumVisualStudioVersion = 10.0.40219.1
Project("{9A19103F-16F7-4668-BE54-9A1E7A4F7556}") = "WorkshopApi", "WorkshopApi.csproj", "{593DA32B-F823-4F11-AA83-275737803897}"
EndProject
Global
	GlobalSection(SolutionConfigurationPlatforms) = preSolution
		Debug|Any CPU = Debug|Any CPU
		Release|Any CPU = Release|Any CPU
	EndGlobalSection
	GlobalSection(ProjectConfigurationPlatforms) = postSolution
		{593DA32B-F823-4F11-AA83-275737803897}.Debug|Any CPU.ActiveCfg = Debug|Any CPU
		{593DA32B-F823-4F11-AA83-275737803897}.Debug|Any CPU.Build.0 = Debug|Any CPU
		{593DA32B-F823-4F11-AA83-275737803897}.Release|Any CPU.ActiveCfg = Release|Any CPU
		{593DA32B-F823-4F11-AA83-275737803897}.Release|Any CPU.Build.0 = Release|Any CPU
	EndGlobalSection
	GlobalSection(SolutionProperties) = preSolution
		HideSolutionNode = FALSE
	EndGlobalSection
	GlobalSection(ExtensibilityGlobals) = postSolution
		SolutionGuid = {FA5C8483-EE2F-4B42-9394-DB3DCA67595E}
	EndGlobalSection
EndGlobal
